// !$*UTF8*$!
{
	archiveVersion = 1;
	classes = {
	};
	objectVersion = 56;
	objects = {

/* Begin PBXBuildFile section */
		4211F22E2999730F00D13FD0 /* TextInputField.swift in Sources */ = {isa = PBXBuildFile; fileRef = 4211F22D2999730F00D13FD0 /* TextInputField.swift */; };
		426A30E529E81D5A00C5FB02 /* MyRule.swift in Sources */ = {isa = PBXBuildFile; fileRef = 426A30E429E81D5A00C5FB02 /* MyRule.swift */; };
		426CF63A29850D1A00012FBE /* ContentView.swift in Sources */ = {isa = PBXBuildFile; fileRef = 426CF63929850D1A00012FBE /* ContentView.swift */; };
		426CF63C29850D1B00012FBE /* Assets.xcassets in Resources */ = {isa = PBXBuildFile; fileRef = 426CF63B29850D1B00012FBE /* Assets.xcassets */; };
		426CF63F29850D1B00012FBE /* Preview Assets.xcassets in Resources */ = {isa = PBXBuildFile; fileRef = 426CF63E29850D1B00012FBE /* Preview Assets.xcassets */; };
		426CF64929850DD400012FBE /* FormView in Frameworks */ = {isa = PBXBuildFile; productRef = 426CF64829850DD400012FBE /* FormView */; };
		7392F4562CF76C8900331B40 /* HostingController.swift in Sources */ = {isa = PBXBuildFile; fileRef = 7392F4552CF76C8900331B40 /* HostingController.swift */; };
		7392F45A2CF76D7600331B40 /* StartFactory.swift in Sources */ = {isa = PBXBuildFile; fileRef = 7392F4592CF76D7500331B40 /* StartFactory.swift */; };
		7392F45C2CF76FFB00331B40 /* StartCoordinator.swift in Sources */ = {isa = PBXBuildFile; fileRef = 7392F45B2CF76FFA00331B40 /* StartCoordinator.swift */; };
		7392F45E2CF7701B00331B40 /* StartController.swift in Sources */ = {isa = PBXBuildFile; fileRef = 7392F45D2CF7701A00331B40 /* StartController.swift */; };
		7392F4602CF7709D00331B40 /* StartView.swift in Sources */ = {isa = PBXBuildFile; fileRef = 7392F45F2CF7709D00331B40 /* StartView.swift */; };
		7392F4632CF7710900331B40 /* StartViewModel.swift in Sources */ = {isa = PBXBuildFile; fileRef = 7392F4622CF7710800331B40 /* StartViewModel.swift */; };
		7392F4652CF7717E00331B40 /* ContentFactory.swift in Sources */ = {isa = PBXBuildFile; fileRef = 7392F4642CF7717D00331B40 /* ContentFactory.swift */; };
		7392F4692CF771AB00331B40 /* ContentCoordinator.swift in Sources */ = {isa = PBXBuildFile; fileRef = 7392F4682CF771AB00331B40 /* ContentCoordinator.swift */; };
		7392F46B2CF771C900331B40 /* ContentController.swift in Sources */ = {isa = PBXBuildFile; fileRef = 7392F46A2CF771C900331B40 /* ContentController.swift */; };
		739E30032CF4A1AF009B795F /* AppDelegate.swift in Sources */ = {isa = PBXBuildFile; fileRef = 739E30022CF4A1AB009B795F /* AppDelegate.swift */; };
		739E30052CF4A1CF009B795F /* SceneDelegate.swift in Sources */ = {isa = PBXBuildFile; fileRef = 739E30042CF4A1CE009B795F /* SceneDelegate.swift */; };
		E1DB5A1F2A73BFCF0024C47A /* ContentViewModel.swift in Sources */ = {isa = PBXBuildFile; fileRef = E1DB5A1E2A73BFCF0024C47A /* ContentViewModel.swift */; };
		E1E8FCDB2A52B8CD0099A852 /* SecureInputField.swift in Sources */ = {isa = PBXBuildFile; fileRef = E1E8FCDA2A52B8CD0099A852 /* SecureInputField.swift */; };
/* End PBXBuildFile section */

/* Begin PBXFileReference section */
		4211F22D2999730F00D13FD0 /* TextInputField.swift */ = {isa = PBXFileReference; lastKnownFileType = sourcecode.swift; path = TextInputField.swift; sourceTree = "<group>"; };
		426A30E429E81D5A00C5FB02 /* MyRule.swift */ = {isa = PBXFileReference; lastKnownFileType = sourcecode.swift; path = MyRule.swift; sourceTree = "<group>"; };
		426CF63429850D1A00012FBE /* Example.app */ = {isa = PBXFileReference; explicitFileType = wrapper.application; includeInIndex = 0; path = Example.app; sourceTree = BUILT_PRODUCTS_DIR; };
		426CF63929850D1A00012FBE /* ContentView.swift */ = {isa = PBXFileReference; lastKnownFileType = sourcecode.swift; path = ContentView.swift; sourceTree = "<group>"; };
		426CF63B29850D1B00012FBE /* Assets.xcassets */ = {isa = PBXFileReference; lastKnownFileType = folder.assetcatalog; path = Assets.xcassets; sourceTree = "<group>"; };
		426CF63E29850D1B00012FBE /* Preview Assets.xcassets */ = {isa = PBXFileReference; lastKnownFileType = folder.assetcatalog; path = "Preview Assets.xcassets"; sourceTree = "<group>"; };
		426CF64629850D9F00012FBE /* FormView */ = {isa = PBXFileReference; lastKnownFileType = wrapper; name = FormView; path = ..; sourceTree = "<group>"; };
		426CF64C29903DBC00012FBE /* Example-Info.plist */ = {isa = PBXFileReference; lastKnownFileType = text.plist; path = "Example-Info.plist"; sourceTree = "<group>"; };
		7392F4552CF76C8900331B40 /* HostingController.swift */ = {isa = PBXFileReference; lastKnownFileType = sourcecode.swift; path = HostingController.swift; sourceTree = "<group>"; };
		7392F4592CF76D7500331B40 /* StartFactory.swift */ = {isa = PBXFileReference; lastKnownFileType = sourcecode.swift; path = StartFactory.swift; sourceTree = "<group>"; };
		7392F45B2CF76FFA00331B40 /* StartCoordinator.swift */ = {isa = PBXFileReference; lastKnownFileType = sourcecode.swift; path = StartCoordinator.swift; sourceTree = "<group>"; };
		7392F45D2CF7701A00331B40 /* StartController.swift */ = {isa = PBXFileReference; lastKnownFileType = sourcecode.swift; path = StartController.swift; sourceTree = "<group>"; };
		7392F45F2CF7709D00331B40 /* StartView.swift */ = {isa = PBXFileReference; lastKnownFileType = sourcecode.swift; path = StartView.swift; sourceTree = "<group>"; };
		7392F4622CF7710800331B40 /* StartViewModel.swift */ = {isa = PBXFileReference; lastKnownFileType = sourcecode.swift; path = StartViewModel.swift; sourceTree = "<group>"; };
		7392F4642CF7717D00331B40 /* ContentFactory.swift */ = {isa = PBXFileReference; lastKnownFileType = sourcecode.swift; path = ContentFactory.swift; sourceTree = "<group>"; };
		7392F4682CF771AB00331B40 /* ContentCoordinator.swift */ = {isa = PBXFileReference; lastKnownFileType = sourcecode.swift; path = ContentCoordinator.swift; sourceTree = "<group>"; };
		7392F46A2CF771C900331B40 /* ContentController.swift */ = {isa = PBXFileReference; lastKnownFileType = sourcecode.swift; path = ContentController.swift; sourceTree = "<group>"; };
		739E30022CF4A1AB009B795F /* AppDelegate.swift */ = {isa = PBXFileReference; lastKnownFileType = sourcecode.swift; path = AppDelegate.swift; sourceTree = "<group>"; };
		739E30042CF4A1CE009B795F /* SceneDelegate.swift */ = {isa = PBXFileReference; lastKnownFileType = sourcecode.swift; path = SceneDelegate.swift; sourceTree = "<group>"; };
		E1DB5A1E2A73BFCF0024C47A /* ContentViewModel.swift */ = {isa = PBXFileReference; lastKnownFileType = sourcecode.swift; path = ContentViewModel.swift; sourceTree = "<group>"; };
		E1E8FCDA2A52B8CD0099A852 /* SecureInputField.swift */ = {isa = PBXFileReference; fileEncoding = 4; lastKnownFileType = sourcecode.swift; path = SecureInputField.swift; sourceTree = "<group>"; };
/* End PBXFileReference section */

/* Begin PBXFrameworksBuildPhase section */
		426CF63129850D1A00012FBE /* Frameworks */ = {
			isa = PBXFrameworksBuildPhase;
			buildActionMask = 2147483647;
			files = (
				426CF64929850DD400012FBE /* FormView in Frameworks */,
			);
			runOnlyForDeploymentPostprocessing = 0;
		};
/* End PBXFrameworksBuildPhase section */

/* Begin PBXGroup section */
		426CF62B29850D1A00012FBE = {
			isa = PBXGroup;
			children = (
				426CF64C29903DBC00012FBE /* Example-Info.plist */,
				426CF64529850D9F00012FBE /* Packages */,
				426CF63629850D1A00012FBE /* ExampleApp */,
				426CF63529850D1A00012FBE /* Products */,
				426CF64729850DD400012FBE /* Frameworks */,
			);
			sourceTree = "<group>";
		};
		426CF63529850D1A00012FBE /* Products */ = {
			isa = PBXGroup;
			children = (
				426CF63429850D1A00012FBE /* Example.app */,
			);
			name = Products;
			sourceTree = "<group>";
		};
		426CF63629850D1A00012FBE /* ExampleApp */ = {
			isa = PBXGroup;
			children = (
				739E30022CF4A1AB009B795F /* AppDelegate.swift */,
				739E30042CF4A1CE009B795F /* SceneDelegate.swift */,
				426A30E429E81D5A00C5FB02 /* MyRule.swift */,
				7392F4542CF76C7400331B40 /* Base */,
				7392F4572CF76CB500331B40 /* UI */,
				E1E8FCDC2A52C61D0099A852 /* InputFields */,
				426CF63B29850D1B00012FBE /* Assets.xcassets */,
				426CF63D29850D1B00012FBE /* Preview Content */,
			);
			path = ExampleApp;
			sourceTree = "<group>";
		};
		426CF63D29850D1B00012FBE /* Preview Content */ = {
			isa = PBXGroup;
			children = (
				426CF63E29850D1B00012FBE /* Preview Assets.xcassets */,
			);
			path = "Preview Content";
			sourceTree = "<group>";
		};
		426CF64529850D9F00012FBE /* Packages */ = {
			isa = PBXGroup;
			children = (
				426CF64629850D9F00012FBE /* FormView */,
			);
			name = Packages;
			sourceTree = "<group>";
		};
		426CF64729850DD400012FBE /* Frameworks */ = {
			isa = PBXGroup;
			children = (
			);
			name = Frameworks;
			sourceTree = "<group>";
		};
		7392F4542CF76C7400331B40 /* Base */ = {
			isa = PBXGroup;
			children = (
				7392F4552CF76C8900331B40 /* HostingController.swift */,
			);
			path = Base;
			sourceTree = "<group>";
		};
		7392F4572CF76CB500331B40 /* UI */ = {
			isa = PBXGroup;
			children = (
				7392F4612CF770E100331B40 /* ContentScreen */,
				7392F4582CF76D6300331B40 /* StartScreen */,
			);
			path = UI;
			sourceTree = "<group>";
		};
		7392F4582CF76D6300331B40 /* StartScreen */ = {
			isa = PBXGroup;
			children = (
				7392F4592CF76D7500331B40 /* StartFactory.swift */,
				7392F4622CF7710800331B40 /* StartViewModel.swift */,
				7392F45B2CF76FFA00331B40 /* StartCoordinator.swift */,
				7392F45D2CF7701A00331B40 /* StartController.swift */,
				7392F45F2CF7709D00331B40 /* StartView.swift */,
			);
			path = StartScreen;
			sourceTree = "<group>";
		};
		7392F4612CF770E100331B40 /* ContentScreen */ = {
			isa = PBXGroup;
			children = (
				E1DB5A1E2A73BFCF0024C47A /* ContentViewModel.swift */,
				7392F4642CF7717D00331B40 /* ContentFactory.swift */,
				426CF63929850D1A00012FBE /* ContentView.swift */,
				7392F46A2CF771C900331B40 /* ContentController.swift */,
				7392F4682CF771AB00331B40 /* ContentCoordinator.swift */,
			);
			path = ContentScreen;
			sourceTree = "<group>";
		};
		E1E8FCDC2A52C61D0099A852 /* InputFields */ = {
			isa = PBXGroup;
			children = (
				4211F22D2999730F00D13FD0 /* TextInputField.swift */,
				E1E8FCDA2A52B8CD0099A852 /* SecureInputField.swift */,
			);
			path = InputFields;
			sourceTree = "<group>";
		};
/* End PBXGroup section */

/* Begin PBXNativeTarget section */
		426CF63329850D1A00012FBE /* Example */ = {
			isa = PBXNativeTarget;
			buildConfigurationList = 426CF64229850D1B00012FBE /* Build configuration list for PBXNativeTarget "Example" */;
			buildPhases = (
				E15D188E2A8A080F00EF2A9F /* SwiftLint */,
				426CF63029850D1A00012FBE /* Sources */,
				426CF63129850D1A00012FBE /* Frameworks */,
				426CF63229850D1A00012FBE /* Resources */,
			);
			buildRules = (
			);
			dependencies = (
			);
			name = Example;
			packageProductDependencies = (
				426CF64829850DD400012FBE /* FormView */,
			);
			productName = ExampleApp;
			productReference = 426CF63429850D1A00012FBE /* Example.app */;
			productType = "com.apple.product-type.application";
		};
/* End PBXNativeTarget section */

/* Begin PBXProject section */
		426CF62C29850D1A00012FBE /* Project object */ = {
			isa = PBXProject;
			attributes = {
				BuildIndependentTargetsInParallel = 1;
				LastSwiftUpdateCheck = 1420;
				LastUpgradeCheck = 1420;
				TargetAttributes = {
					426CF63329850D1A00012FBE = {
						CreatedOnToolsVersion = 14.2;
					};
				};
			};
			buildConfigurationList = 426CF62F29850D1A00012FBE /* Build configuration list for PBXProject "Example" */;
			compatibilityVersion = "Xcode 14.0";
			developmentRegion = en;
			hasScannedForEncodings = 0;
			knownRegions = (
				en,
				Base,
			);
			mainGroup = 426CF62B29850D1A00012FBE;
			productRefGroup = 426CF63529850D1A00012FBE /* Products */;
			projectDirPath = "";
			projectRoot = "";
			targets = (
				426CF63329850D1A00012FBE /* Example */,
			);
		};
/* End PBXProject section */

/* Begin PBXResourcesBuildPhase section */
		426CF63229850D1A00012FBE /* Resources */ = {
			isa = PBXResourcesBuildPhase;
			buildActionMask = 2147483647;
			files = (
				426CF63F29850D1B00012FBE /* Preview Assets.xcassets in Resources */,
				426CF63C29850D1B00012FBE /* Assets.xcassets in Resources */,
			);
			runOnlyForDeploymentPostprocessing = 0;
		};
/* End PBXResourcesBuildPhase section */

/* Begin PBXShellScriptBuildPhase section */
		E15D188E2A8A080F00EF2A9F /* SwiftLint */ = {
			isa = PBXShellScriptBuildPhase;
			alwaysOutOfDate = 1;
			buildActionMask = 2147483647;
			files = (
			);
			inputFileListPaths = (
			);
			inputPaths = (
			);
			name = SwiftLint;
			outputFileListPaths = (
			);
			outputPaths = (
			);
			runOnlyForDeploymentPostprocessing = 0;
			shellPath = /bin/sh;
			shellScript = "export PATH=\"$PATH:/opt/homebrew/bin\"\n\nif which swiftlint >/dev/null; then\n  swiftlint --path .. --config ../swiftlint.yml\nelse\n  echo \"warning: SwiftLint not installed, download from https://github.com/realm/SwiftLint\"\nfi\n";
		};
/* End PBXShellScriptBuildPhase section */

/* Begin PBXSourcesBuildPhase section */
		426CF63029850D1A00012FBE /* Sources */ = {
			isa = PBXSourcesBuildPhase;
			buildActionMask = 2147483647;
			files = (
				4211F22E2999730F00D13FD0 /* TextInputField.swift in Sources */,
				7392F46B2CF771C900331B40 /* ContentController.swift in Sources */,
				E1E8FCDB2A52B8CD0099A852 /* SecureInputField.swift in Sources */,
				7392F4692CF771AB00331B40 /* ContentCoordinator.swift in Sources */,
				7392F45E2CF7701B00331B40 /* StartController.swift in Sources */,
				E1DB5A1F2A73BFCF0024C47A /* ContentViewModel.swift in Sources */,
				7392F45C2CF76FFB00331B40 /* StartCoordinator.swift in Sources */,
				7392F4602CF7709D00331B40 /* StartView.swift in Sources */,
				7392F45A2CF76D7600331B40 /* StartFactory.swift in Sources */,
				7392F4652CF7717E00331B40 /* ContentFactory.swift in Sources */,
				7392F4632CF7710900331B40 /* StartViewModel.swift in Sources */,
				426A30E529E81D5A00C5FB02 /* MyRule.swift in Sources */,
				739E30032CF4A1AF009B795F /* AppDelegate.swift in Sources */,
				426CF63A29850D1A00012FBE /* ContentView.swift in Sources */,
				7392F4562CF76C8900331B40 /* HostingController.swift in Sources */,
				739E30052CF4A1CF009B795F /* SceneDelegate.swift in Sources */,
			);
			runOnlyForDeploymentPostprocessing = 0;
		};
/* End PBXSourcesBuildPhase section */

/* Begin XCBuildConfiguration section */
		426CF64029850D1B00012FBE /* Debug */ = {
			isa = XCBuildConfiguration;
			buildSettings = {
				ALWAYS_SEARCH_USER_PATHS = NO;
				CLANG_ANALYZER_NONNULL = YES;
				CLANG_ANALYZER_NUMBER_OBJECT_CONVERSION = YES_AGGRESSIVE;
				CLANG_CXX_LANGUAGE_STANDARD = "gnu++20";
				CLANG_ENABLE_MODULES = YES;
				CLANG_ENABLE_OBJC_ARC = YES;
				CLANG_ENABLE_OBJC_WEAK = YES;
				CLANG_WARN_BLOCK_CAPTURE_AUTORELEASING = YES;
				CLANG_WARN_BOOL_CONVERSION = YES;
				CLANG_WARN_COMMA = YES;
				CLANG_WARN_CONSTANT_CONVERSION = YES;
				CLANG_WARN_DEPRECATED_OBJC_IMPLEMENTATIONS = YES;
				CLANG_WARN_DIRECT_OBJC_ISA_USAGE = YES_ERROR;
				CLANG_WARN_DOCUMENTATION_COMMENTS = YES;
				CLANG_WARN_EMPTY_BODY = YES;
				CLANG_WARN_ENUM_CONVERSION = YES;
				CLANG_WARN_INFINITE_RECURSION = YES;
				CLANG_WARN_INT_CONVERSION = YES;
				CLANG_WARN_NON_LITERAL_NULL_CONVERSION = YES;
				CLANG_WARN_OBJC_IMPLICIT_RETAIN_SELF = YES;
				CLANG_WARN_OBJC_LITERAL_CONVERSION = YES;
				CLANG_WARN_OBJC_ROOT_CLASS = YES_ERROR;
				CLANG_WARN_QUOTED_INCLUDE_IN_FRAMEWORK_HEADER = YES;
				CLANG_WARN_RANGE_LOOP_ANALYSIS = YES;
				CLANG_WARN_STRICT_PROTOTYPES = YES;
				CLANG_WARN_SUSPICIOUS_MOVE = YES;
				CLANG_WARN_UNGUARDED_AVAILABILITY = YES_AGGRESSIVE;
				CLANG_WARN_UNREACHABLE_CODE = YES;
				CLANG_WARN__DUPLICATE_METHOD_MATCH = YES;
				COPY_PHASE_STRIP = NO;
				DEBUG_INFORMATION_FORMAT = dwarf;
				ENABLE_STRICT_OBJC_MSGSEND = YES;
				ENABLE_TESTABILITY = YES;
				GCC_C_LANGUAGE_STANDARD = gnu11;
				GCC_DYNAMIC_NO_PIC = NO;
				GCC_NO_COMMON_BLOCKS = YES;
				GCC_OPTIMIZATION_LEVEL = 0;
				GCC_PREPROCESSOR_DEFINITIONS = (
					"DEBUG=1",
					"$(inherited)",
				);
				GCC_WARN_64_TO_32_BIT_CONVERSION = YES;
				GCC_WARN_ABOUT_RETURN_TYPE = YES_ERROR;
				GCC_WARN_UNDECLARED_SELECTOR = YES;
				GCC_WARN_UNINITIALIZED_AUTOS = YES_AGGRESSIVE;
				GCC_WARN_UNUSED_FUNCTION = YES;
				GCC_WARN_UNUSED_VARIABLE = YES;
				IPHONEOS_DEPLOYMENT_TARGET = 15.0;
				MTL_ENABLE_DEBUG_INFO = INCLUDE_SOURCE;
				MTL_FAST_MATH = YES;
				ONLY_ACTIVE_ARCH = YES;
				SDKROOT = iphoneos;
				SWIFT_ACTIVE_COMPILATION_CONDITIONS = DEBUG;
				SWIFT_OPTIMIZATION_LEVEL = "-Onone";
			};
			name = Debug;
		};
		426CF64129850D1B00012FBE /* Release */ = {
			isa = XCBuildConfiguration;
			buildSettings = {
				ALWAYS_SEARCH_USER_PATHS = NO;
				CLANG_ANALYZER_NONNULL = YES;
				CLANG_ANALYZER_NUMBER_OBJECT_CONVERSION = YES_AGGRESSIVE;
				CLANG_CXX_LANGUAGE_STANDARD = "gnu++20";
				CLANG_ENABLE_MODULES = YES;
				CLANG_ENABLE_OBJC_ARC = YES;
				CLANG_ENABLE_OBJC_WEAK = YES;
				CLANG_WARN_BLOCK_CAPTURE_AUTORELEASING = YES;
				CLANG_WARN_BOOL_CONVERSION = YES;
				CLANG_WARN_COMMA = YES;
				CLANG_WARN_CONSTANT_CONVERSION = YES;
				CLANG_WARN_DEPRECATED_OBJC_IMPLEMENTATIONS = YES;
				CLANG_WARN_DIRECT_OBJC_ISA_USAGE = YES_ERROR;
				CLANG_WARN_DOCUMENTATION_COMMENTS = YES;
				CLANG_WARN_EMPTY_BODY = YES;
				CLANG_WARN_ENUM_CONVERSION = YES;
				CLANG_WARN_INFINITE_RECURSION = YES;
				CLANG_WARN_INT_CONVERSION = YES;
				CLANG_WARN_NON_LITERAL_NULL_CONVERSION = YES;
				CLANG_WARN_OBJC_IMPLICIT_RETAIN_SELF = YES;
				CLANG_WARN_OBJC_LITERAL_CONVERSION = YES;
				CLANG_WARN_OBJC_ROOT_CLASS = YES_ERROR;
				CLANG_WARN_QUOTED_INCLUDE_IN_FRAMEWORK_HEADER = YES;
				CLANG_WARN_RANGE_LOOP_ANALYSIS = YES;
				CLANG_WARN_STRICT_PROTOTYPES = YES;
				CLANG_WARN_SUSPICIOUS_MOVE = YES;
				CLANG_WARN_UNGUARDED_AVAILABILITY = YES_AGGRESSIVE;
				CLANG_WARN_UNREACHABLE_CODE = YES;
				CLANG_WARN__DUPLICATE_METHOD_MATCH = YES;
				COPY_PHASE_STRIP = NO;
				DEBUG_INFORMATION_FORMAT = "dwarf-with-dsym";
				ENABLE_NS_ASSERTIONS = NO;
				ENABLE_STRICT_OBJC_MSGSEND = YES;
				GCC_C_LANGUAGE_STANDARD = gnu11;
				GCC_NO_COMMON_BLOCKS = YES;
				GCC_WARN_64_TO_32_BIT_CONVERSION = YES;
				GCC_WARN_ABOUT_RETURN_TYPE = YES_ERROR;
				GCC_WARN_UNDECLARED_SELECTOR = YES;
				GCC_WARN_UNINITIALIZED_AUTOS = YES_AGGRESSIVE;
				GCC_WARN_UNUSED_FUNCTION = YES;
				GCC_WARN_UNUSED_VARIABLE = YES;
				IPHONEOS_DEPLOYMENT_TARGET = 15.0;
				MTL_ENABLE_DEBUG_INFO = NO;
				MTL_FAST_MATH = YES;
				SDKROOT = iphoneos;
				SWIFT_COMPILATION_MODE = wholemodule;
				SWIFT_OPTIMIZATION_LEVEL = "-O";
				VALIDATE_PRODUCT = YES;
			};
			name = Release;
		};
		426CF64329850D1B00012FBE /* Debug */ = {
			isa = XCBuildConfiguration;
			buildSettings = {
				ASSETCATALOG_COMPILER_APPICON_NAME = AppIcon;
				ASSETCATALOG_COMPILER_GLOBAL_ACCENT_COLOR_NAME = AccentColor;
				CODE_SIGN_STYLE = Automatic;
				CURRENT_PROJECT_VERSION = 1;
				DEVELOPMENT_ASSET_PATHS = "\"ExampleApp/Preview Content\"";
				DEVELOPMENT_TEAM = 8Q4KTDMYNZ;
				ENABLE_PREVIEWS = YES;
				GENERATE_INFOPLIST_FILE = YES;
				INFOPLIST_FILE = "Example-Info.plist";
				INFOPLIST_KEY_UIApplicationSupportsIndirectInputEvents = YES;
				INFOPLIST_KEY_UILaunchScreen_Generation = YES;
				INFOPLIST_KEY_UISupportedInterfaceOrientations_iPad = "UIInterfaceOrientationPortrait UIInterfaceOrientationPortraitUpsideDown UIInterfaceOrientationLandscapeLeft UIInterfaceOrientationLandscapeRight";
				INFOPLIST_KEY_UISupportedInterfaceOrientations_iPhone = "UIInterfaceOrientationPortrait UIInterfaceOrientationLandscapeLeft UIInterfaceOrientationLandscapeRight";
				IPHONEOS_DEPLOYMENT_TARGET = 15.0;
				LD_RUNPATH_SEARCH_PATHS = (
					"$(inherited)",
					"@executable_path/Frameworks",
				);
				MARKETING_VERSION = 1.0;
				PRODUCT_BUNDLE_IDENTIFIER = com.maxial.formview.exampleapp;
				PRODUCT_NAME = "$(TARGET_NAME)";
				SWIFT_EMIT_LOC_STRINGS = YES;
				SWIFT_VERSION = 5.0;
				TARGETED_DEVICE_FAMILY = "1,2";
			};
			name = Debug;
		};
		426CF64429850D1B00012FBE /* Release */ = {
			isa = XCBuildConfiguration;
			buildSettings = {
				ASSETCATALOG_COMPILER_APPICON_NAME = AppIcon;
				ASSETCATALOG_COMPILER_GLOBAL_ACCENT_COLOR_NAME = AccentColor;
				CODE_SIGN_STYLE = Automatic;
				CURRENT_PROJECT_VERSION = 1;
				DEVELOPMENT_ASSET_PATHS = "\"ExampleApp/Preview Content\"";
				DEVELOPMENT_TEAM = 8Q4KTDMYNZ;
				ENABLE_PREVIEWS = YES;
				GENERATE_INFOPLIST_FILE = YES;
				INFOPLIST_FILE = "Example-Info.plist";
				INFOPLIST_KEY_UIApplicationSupportsIndirectInputEvents = YES;
				INFOPLIST_KEY_UILaunchScreen_Generation = YES;
				INFOPLIST_KEY_UISupportedInterfaceOrientations_iPad = "UIInterfaceOrientationPortrait UIInterfaceOrientationPortraitUpsideDown UIInterfaceOrientationLandscapeLeft UIInterfaceOrientationLandscapeRight";
				INFOPLIST_KEY_UISupportedInterfaceOrientations_iPhone = "UIInterfaceOrientationPortrait UIInterfaceOrientationLandscapeLeft UIInterfaceOrientationLandscapeRight";
				IPHONEOS_DEPLOYMENT_TARGET = 15.0;
				LD_RUNPATH_SEARCH_PATHS = (
					"$(inherited)",
					"@executable_path/Frameworks",
				);
				MARKETING_VERSION = 1.0;
				PRODUCT_BUNDLE_IDENTIFIER = com.maxial.formview.exampleapp;
				PRODUCT_NAME = "$(TARGET_NAME)";
				SWIFT_EMIT_LOC_STRINGS = YES;
				SWIFT_VERSION = 5.0;
				TARGETED_DEVICE_FAMILY = "1,2";
			};
			name = Release;
		};
/* End XCBuildConfiguration section */

/* Begin XCConfigurationList section */
		426CF62F29850D1A00012FBE /* Build configuration list for PBXProject "Example" */ = {
			isa = XCConfigurationList;
			buildConfigurations = (
				426CF64029850D1B00012FBE /* Debug */,
				426CF64129850D1B00012FBE /* Release */,
			);
			defaultConfigurationIsVisible = 0;
			defaultConfigurationName = Release;
		};
		426CF64229850D1B00012FBE /* Build configuration list for PBXNativeTarget "Example" */ = {
			isa = XCConfigurationList;
			buildConfigurations = (
				426CF64329850D1B00012FBE /* Debug */,
				426CF64429850D1B00012FBE /* Release */,
			);
			defaultConfigurationIsVisible = 0;
			defaultConfigurationName = Release;
		};
/* End XCConfigurationList section */

/* Begin XCSwiftPackageProductDependency section */
		426CF64829850DD400012FBE /* FormView */ = {
			isa = XCSwiftPackageProductDependency;
			productName = FormView;
		};
/* End XCSwiftPackageProductDependency section */
	};
	rootObject = 426CF62C29850D1A00012FBE /* Project object */;
}
